
Microsoft Visual Studio Solution File, Format Version 12.00
# Visual Studio Version 16
VisualStudioVersion = 16.0.31205.134
MinimumVisualStudioVersion = 10.0.40219.1
Project("{FAE04EC0-301F-11D3-BF4B-00C04F79EFBC}") = "StrategyOfFate", "StrategyOfFate\StrategyOfFate.csproj", "{5C4CCC7A-4BC3-4DFD-97CA-1D46AAFFD774}"
EndProject
Global
	GlobalSection(SolutionConfigurationPlatforms) = preSolution
		Debug|Any CPU = Debug|Any CPU
		Release|Any CPU = Release|Any CPU
	EndGlobalSection
	GlobalSection(ProjectConfigurationPlatforms) = postSolution
		{5C4CCC7A-4BC3-4DFD-97CA-1D46AAFFD774}.Debug|Any CPU.ActiveCfg = Debug|Any CPU
		{5C4CCC7A-4BC3-4DFD-97CA-1D46AAFFD774}.Debug|Any CPU.Build.0 = Debug|Any CPU
		{5C4CCC7A-4BC3-4DFD-97CA-1D46AAFFD774}.Release|Any CPU.ActiveCfg = Release|Any CPU
		{5C4CCC7A-4BC3-4DFD-97CA-1D46AAFFD774}.Release|Any CPU.Build.0 = Release|Any CPU
	EndGlobalSection
	GlobalSection(SolutionProperties) = preSolution
		HideSolutionNode = FALSE
	EndGlobalSection
	GlobalSection(ExtensibilityGlobals) = postSolution
		SolutionGuid = {9E14437D-C4DE-4286-B50A-3D3CF6DDFFF1}
	EndGlobalSection
EndGlobal
